
Microsoft Visual Studio Solution File, Format Version 12.00
# Visual Studio Version 17
VisualStudioVersion = 17.3.32922.545
MinimumVisualStudioVersion = 10.0.40219.1
Project("{FAE04EC0-301F-11D3-BF4B-00C04F79EFBC}") = "api proj", "api proj\api proj.csproj", "{4D51509B-F89D-4581-B537-3DCFED1D37CD}"
EndProject
Global
	GlobalSection(SolutionConfigurationPlatforms) = preSolution
		Debug|Any CPU = Debug|Any CPU
		Release|Any CPU = Release|Any CPU
	EndGlobalSection
	GlobalSection(ProjectConfigurationPlatforms) = postSolution
		{4D51509B-F89D-4581-B537-3DCFED1D37CD}.Debug|Any CPU.ActiveCfg = Debug|Any CPU
		{4D51509B-F89D-4581-B537-3DCFED1D37CD}.Debug|Any CPU.Build.0 = Debug|Any CPU
		{4D51509B-F89D-4581-B537-3DCFED1D37CD}.Release|Any CPU.ActiveCfg = Release|Any CPU
		{4D51509B-F89D-4581-B537-3DCFED1D37CD}.Release|Any CPU.Build.0 = Release|Any CPU
	EndGlobalSection
	GlobalSection(SolutionProperties) = preSolution
		HideSolutionNode = FALSE
	EndGlobalSection
	GlobalSection(ExtensibilityGlobals) = postSolution
		SolutionGuid = {02D4BACA-123C-4A10-A046-4D6A093F0483}
	EndGlobalSection
EndGlobal
